
Microsoft Visual Studio Solution File, Format Version 12.00
# Visual Studio Version 17
VisualStudioVersion = 17.1.32210.238
MinimumVisualStudioVersion = 10.0.40219.1
Project("{9A19103F-16F7-4668-BE54-9A1E7A4F7556}") = "CoryCharlton.LoggingBenchmarks", "CoryCharlton.LoggingBenchmarks\CoryCharlton.LoggingBenchmarks.csproj", "{9004EC09-503D-46C1-981F-808A8A11DAAE}"
EndProject
Project("{2150E333-8FDC-42A3-9474-1A3956D46DE8}") = "Solution Items", "Solution Items", "{4F4EE510-E72A-4CFC-9773-009315736569}"
	ProjectSection(SolutionItems) = preProject
		README.md = README.md
	EndProjectSection
EndProject
Global
	GlobalSection(SolutionConfigurationPlatforms) = preSolution
		Debug|Any CPU = Debug|Any CPU
		Release|Any CPU = Release|Any CPU
	EndGlobalSection
	GlobalSection(ProjectConfigurationPlatforms) = postSolution
		{9004EC09-503D-46C1-981F-808A8A11DAAE}.Debug|Any CPU.ActiveCfg = Debug|Any CPU
		{9004EC09-503D-46C1-981F-808A8A11DAAE}.Debug|Any CPU.Build.0 = Debug|Any CPU
		{9004EC09-503D-46C1-981F-808A8A11DAAE}.Release|Any CPU.ActiveCfg = Release|Any CPU
		{9004EC09-503D-46C1-981F-808A8A11DAAE}.Release|Any CPU.Build.0 = Release|Any CPU
	EndGlobalSection
	GlobalSection(SolutionProperties) = preSolution
		HideSolutionNode = FALSE
	EndGlobalSection
	GlobalSection(ExtensibilityGlobals) = postSolution
		SolutionGuid = {846FA7F4-2617-40C9-A23C-351D7B94CBBF}
	EndGlobalSection
EndGlobal
